
Microsoft Visual Studio Solution File, Format Version 12.00
# Visual Studio 15
VisualStudioVersion = 15.0.28307.421
MinimumVisualStudioVersion = 10.0.40219.1
Project("{FAE04EC0-301F-11D3-BF4B-00C04F79EFBC}") = "Task 1", "Task 1\Task 1.csproj", "{AF0520A4-10D6-4CB4-B2E3-B58731E60444}"
EndProject
Global
	GlobalSection(SolutionConfigurationPlatforms) = preSolution
		Debug|Any CPU = Debug|Any CPU
		Release|Any CPU = Release|Any CPU
	EndGlobalSection
	GlobalSection(ProjectConfigurationPlatforms) = postSolution
		{AF0520A4-10D6-4CB4-B2E3-B58731E60444}.Debug|Any CPU.ActiveCfg = Debug|Any CPU
		{AF0520A4-10D6-4CB4-B2E3-B58731E60444}.Debug|Any CPU.Build.0 = Debug|Any CPU
		{AF0520A4-10D6-4CB4-B2E3-B58731E60444}.Release|Any CPU.ActiveCfg = Release|Any CPU
		{AF0520A4-10D6-4CB4-B2E3-B58731E60444}.Release|Any CPU.Build.0 = Release|Any CPU
	EndGlobalSection
	GlobalSection(SolutionProperties) = preSolution
		HideSolutionNode = FALSE
	EndGlobalSection
	GlobalSection(ExtensibilityGlobals) = postSolution
		SolutionGuid = {65DBDF3D-E6A3-440C-8CF5-B4E38C61BE51}
	EndGlobalSection
EndGlobal
